
Microsoft Visual Studio Solution File, Format Version 12.00
# Visual Studio 15
VisualStudioVersion = 15.0.28010.2026
MinimumVisualStudioVersion = 10.0.40219.1
Project("{FAE04EC0-301F-11D3-BF4B-00C04F79EFBC}") = "MVCClubs", "WebApplicationWeek3\MVCClubs.csproj", "{0D74F302-A65E-442B-AD1A-D105EC01F5D0}"
	ProjectSection(ProjectDependencies) = postProject
		{04271523-8C76-42B4-B1EC-B408FA5489ED} = {04271523-8C76-42B4-B1EC-B408FA5489ED}
	EndProjectSection
EndProject
Project("{FAE04EC0-301F-11D3-BF4B-00C04F79EFBC}") = "ClubDomain.Classes", "ClassLibrary1\ClubDomain.Classes.csproj", "{04271523-8C76-42B4-B1EC-B408FA5489ED}"
EndProject
Global
	GlobalSection(SolutionConfigurationPlatforms) = preSolution
		Debug|Any CPU = Debug|Any CPU
		Release|Any CPU = Release|Any CPU
	EndGlobalSection
	GlobalSection(ProjectConfigurationPlatforms) = postSolution
		{0D74F302-A65E-442B-AD1A-D105EC01F5D0}.Debug|Any CPU.ActiveCfg = Debug|Any CPU
		{0D74F302-A65E-442B-AD1A-D105EC01F5D0}.Debug|Any CPU.Build.0 = Debug|Any CPU
		{0D74F302-A65E-442B-AD1A-D105EC01F5D0}.Release|Any CPU.ActiveCfg = Release|Any CPU
		{0D74F302-A65E-442B-AD1A-D105EC01F5D0}.Release|Any CPU.Build.0 = Release|Any CPU
		{04271523-8C76-42B4-B1EC-B408FA5489ED}.Debug|Any CPU.ActiveCfg = Debug|Any CPU
		{04271523-8C76-42B4-B1EC-B408FA5489ED}.Debug|Any CPU.Build.0 = Debug|Any CPU
		{04271523-8C76-42B4-B1EC-B408FA5489ED}.Release|Any CPU.ActiveCfg = Release|Any CPU
		{04271523-8C76-42B4-B1EC-B408FA5489ED}.Release|Any CPU.Build.0 = Release|Any CPU
	EndGlobalSection
	GlobalSection(SolutionProperties) = preSolution
		HideSolutionNode = FALSE
	EndGlobalSection
	GlobalSection(ExtensibilityGlobals) = postSolution
		SolutionGuid = {DC2BF55F-AEF0-40FE-A2FD-7A3BD6B8EC44}
	EndGlobalSection
EndGlobal
